Microsoft Visual Studio Solution File, Format Version 12.00
# Visual Studio 14
VisualStudioVersion = 14.0.24720.0
MinimumVisualStudioVersion = 10.0.40219.1
Project("{2150E333-8FDC-42A3-9474-1A3956D46DE8}") = ".paket", ".paket", "{63297B98-5CED-492C-A5B7-A5B4F73CF142}"
	ProjectSection(SolutionItems) = preProject
		paket.dependencies = paket.dependencies
		paket.lock = paket.lock
	EndProjectSection
EndProject
Project("{2150E333-8FDC-42A3-9474-1A3956D46DE8}") = "docs", "docs", "{A6A6AF7D-D6E3-442D-9B1E-58CC91879BE1}"
EndProject
Project("{F2A71F9B-5D33-465A-A702-920D77279786}") = "PetulantBear", "src\PetulantBear\PetulantBear.fsproj", "{936DA9AE-6A9A-4714-97FE-35E23A310292}"
EndProject
Project("{2150E333-8FDC-42A3-9474-1A3956D46DE8}") = "project", "project", "{BF60BC93-E09B-4E5F-9D85-95A519479D54}"
	ProjectSection(SolutionItems) = preProject
		build.fsx = build.fsx
		README.md = README.md
		RELEASE_NOTES.md = RELEASE_NOTES.md
	EndProjectSection
EndProject
Project("{2150E333-8FDC-42A3-9474-1A3956D46DE8}") = "tools", "tools", "{83F16175-43B1-4C90-A1EE-8E351C33435D}"
	ProjectSection(SolutionItems) = preProject
		docs\tools\generate.fsx = docs\tools\generate.fsx
		docs\tools\templates\template.cshtml = docs\tools\templates\template.cshtml
	EndProjectSection
EndProject
Project("{2150E333-8FDC-42A3-9474-1A3956D46DE8}") = "content", "content", "{8E6D5255-776D-4B61-85F9-73C37AA1FB9A}"
	ProjectSection(SolutionItems) = preProject
		docs\content\index.fsx = docs\content\index.fsx
		docs\content\tutorial.fsx = docs\content\tutorial.fsx
	EndProjectSection
EndProject
Project("{2150E333-8FDC-42A3-9474-1A3956D46DE8}") = "tests", "tests", "{ED8079DD-2B06-4030-9F0F-DC548F98E1C4}"
EndProject
Project("{F2A71F9B-5D33-465A-A702-920D77279786}") = "PetulantBear.Tests", "tests\PetulantBear.Tests\PetulantBear.Tests.fsproj", "{8F0FE6D0-0865-4A72-AA07-2E294A995B15}"
EndProject
Project("{2150E333-8FDC-42A3-9474-1A3956D46DE8}") = "Solution Items", "Solution Items", "{3E7D3D56-4314-4DB8-B324-8C102C6EA9DF}"
EndProject
Project("{2150E333-8FDC-42A3-9474-1A3956D46DE8}") = "devRoot", "devRoot", "{3701EAA8-B6E0-4053-9922-DC07571EF39F}"
	ProjectSection(SolutionItems) = preProject
		src\devroot\home.html = src\devroot\home.html
		src\devroot\index.html = src\devroot\index.html
		src\devroot\signin.html = src\devroot\signin.html
		src\devroot\welcome.html = src\devroot\welcome.html
	EndProjectSection
EndProject
Project("{2150E333-8FDC-42A3-9474-1A3956D46DE8}") = "scripts", "scripts", "{69C50619-E4A1-4E0F-9E7A-D919665CFDD8}"
	ProjectSection(SolutionItems) = preProject
		src\devroot\scripts\app.js = src\devroot\scripts\app.js
		src\devroot\scripts\bears.js = src\devroot\scripts\bears.js
		src\devroot\scripts\cleaveage.js = src\devroot\scripts\cleaveage.js
		src\devroot\scripts\commonLibrary.js = src\devroot\scripts\commonLibrary.js
		src\devroot\scripts\games.js = src\devroot\scripts\games.js
		src\devroot\scripts\home.js = src\devroot\scripts\home.js
		src\devroot\scripts\jquery-2.1.4.js = src\devroot\scripts\jquery-2.1.4.js
		src\devroot\scripts\room.js = src\devroot\scripts\room.js
		src\devroot\scripts\signin.js = src\devroot\scripts\signin.js
		src\devroot\scripts\webSocket.js = src\devroot\scripts\webSocket.js
	EndProjectSection
EndProject
Project("{2150E333-8FDC-42A3-9474-1A3956D46DE8}") = "wwwroot", "wwwroot", "{1DC437A4-03E4-465D-85A6-A579A45DBD6C}"
	ProjectSection(SolutionItems) = preProject
		src\wwwroot\home.html = src\wwwroot\home.html
		src\wwwroot\index.html = src\wwwroot\index.html
		src\wwwroot\signin.html = src\wwwroot\signin.html
		src\wwwroot\welcome.html = src\wwwroot\welcome.html
	EndProjectSection
EndProject
Project("{2150E333-8FDC-42A3-9474-1A3956D46DE8}") = "scripts", "scripts", "{121CBE16-6D50-46AF-93D7-C3D0A3699812}"
	ProjectSection(SolutionItems) = preProject
		src\wwwroot\scripts\app.js = src\wwwroot\scripts\app.js
		src\wwwroot\scripts\home.js = src\wwwroot\scripts\home.js
		src\wwwroot\scripts\navigation.js = src\wwwroot\scripts\navigation.js
		src\wwwroot\scripts\signin.js = src\wwwroot\scripts\signin.js
	EndProjectSection
EndProject
Project("{2150E333-8FDC-42A3-9474-1A3956D46DE8}") = "css", "css", "{FE7E1B9D-4197-4328-BD43-BB853D79297B}"
	ProjectSection(SolutionItems) = preProject
		src\wwwroot\css\base.css = src\wwwroot\css\base.css
		src\wwwroot\css\form.css = src\wwwroot\css\form.css
		src\wwwroot\css\main.css = src\wwwroot\css\main.css
		src\wwwroot\css\template.css = src\wwwroot\css\template.css
	EndProjectSection
EndProject
Project("{2150E333-8FDC-42A3-9474-1A3956D46DE8}") = "db", "db", "{1B147559-FBFF-4470-BABB-EA5CA459251D}"
	ProjectSection(SolutionItems) = preProject
		src\db\build.sh = src\db\build.sh
		src\db\buildDB.bat = src\db\buildDB.bat
		src\db\buildDBWithTestSample.bat = src\db\buildDBWithTestSample.bat
	EndProjectSection
EndProject
Project("{2150E333-8FDC-42A3-9474-1A3956D46DE8}") = "scripts", "scripts", "{FF70A170-7729-4A52-A541-7AA4316D6F2F}"
	ProjectSection(SolutionItems) = preProject
		src\db\scripts\0.0.1.0.sql = src\db\scripts\0.0.1.0.sql
		src\db\scripts\0.0.2.0.sql = src\db\scripts\0.0.2.0.sql
	EndProjectSection
EndProject
Project("{2150E333-8FDC-42A3-9474-1A3956D46DE8}") = "projections", "projections", "{825BC262-9A84-4367-A754-165AB4996A9C}"
EndProject
Project("{F2A71F9B-5D33-465A-A702-920D77279786}") = "PetulantBear.Projections.Email", "src\projections\PetulantBear.Projections.Email\PetulantBear.Projections.Email.fsproj", "{68C30859-7C13-4116-AC82-4F92B2BE37F4}"
EndProject
Global
	GlobalSection(SolutionConfigurationPlatforms) = preSolution
		Debug|Any CPU = Debug|Any CPU
		Release|Any CPU = Release|Any CPU
	EndGlobalSection
	GlobalSection(ProjectConfigurationPlatforms) = postSolution
		{936DA9AE-6A9A-4714-97FE-35E23A310292}.Debug|Any CPU.ActiveCfg = Debug|Any CPU
		{936DA9AE-6A9A-4714-97FE-35E23A310292}.Debug|Any CPU.Build.0 = Debug|Any CPU
		{936DA9AE-6A9A-4714-97FE-35E23A310292}.Release|Any CPU.ActiveCfg = Release|Any CPU
		{936DA9AE-6A9A-4714-97FE-35E23A310292}.Release|Any CPU.Build.0 = Release|Any CPU
		{8F0FE6D0-0865-4A72-AA07-2E294A995B15}.Debug|Any CPU.ActiveCfg = Debug|Any CPU
		{8F0FE6D0-0865-4A72-AA07-2E294A995B15}.Debug|Any CPU.Build.0 = Debug|Any CPU
		{8F0FE6D0-0865-4A72-AA07-2E294A995B15}.Release|Any CPU.ActiveCfg = Release|Any CPU
		{8F0FE6D0-0865-4A72-AA07-2E294A995B15}.Release|Any CPU.Build.0 = Release|Any CPU
		{68C30859-7C13-4116-AC82-4F92B2BE37F4}.Debug|Any CPU.ActiveCfg = Debug|Any CPU
		{68C30859-7C13-4116-AC82-4F92B2BE37F4}.Debug|Any CPU.Build.0 = Debug|Any CPU
		{68C30859-7C13-4116-AC82-4F92B2BE37F4}.Release|Any CPU.ActiveCfg = Release|Any CPU
		{68C30859-7C13-4116-AC82-4F92B2BE37F4}.Release|Any CPU.Build.0 = Release|Any CPU
	EndGlobalSection
	GlobalSection(SolutionProperties) = preSolution
		HideSolutionNode = FALSE
	EndGlobalSection
	GlobalSection(NestedProjects) = preSolution
		{83F16175-43B1-4C90-A1EE-8E351C33435D} = {A6A6AF7D-D6E3-442D-9B1E-58CC91879BE1}
		{8E6D5255-776D-4B61-85F9-73C37AA1FB9A} = {A6A6AF7D-D6E3-442D-9B1E-58CC91879BE1}
		{8F0FE6D0-0865-4A72-AA07-2E294A995B15} = {ED8079DD-2B06-4030-9F0F-DC548F98E1C4}
		{69C50619-E4A1-4E0F-9E7A-D919665CFDD8} = {3701EAA8-B6E0-4053-9922-DC07571EF39F}
		{121CBE16-6D50-46AF-93D7-C3D0A3699812} = {1DC437A4-03E4-465D-85A6-A579A45DBD6C}
		{FE7E1B9D-4197-4328-BD43-BB853D79297B} = {1DC437A4-03E4-465D-85A6-A579A45DBD6C}
		{FF70A170-7729-4A52-A541-7AA4316D6F2F} = {1B147559-FBFF-4470-BABB-EA5CA459251D}
		{68C30859-7C13-4116-AC82-4F92B2BE37F4} = {825BC262-9A84-4367-A754-165AB4996A9C}
	EndGlobalSection
	GlobalSection(PerforceSourceControlProviderSolutionProperties) = preSolution
		SolutionIsControlled = True
	EndGlobalSection
	GlobalSection(PerforceSourceControlProviderSolutionProperties) = preSolution
		SolutionIsControlled = True
	EndGlobalSection
	GlobalSection(PerforceSourceControlProviderSolutionProperties) = preSolution
		SolutionIsControlled = True
	EndGlobalSection
	GlobalSection(PerforceSourceControlProviderSolutionProperties) = preSolution
		SolutionIsControlled = True
	EndGlobalSection
	GlobalSection(PerforceSourceControlProviderSolutionProperties) = preSolution
		SolutionIsControlled = True
	EndGlobalSection
	GlobalSection(PerforceSourceControlProviderSolutionProperties) = preSolution
		SolutionIsControlled = True
	EndGlobalSection
	GlobalSection(PerforceSourceControlProviderSolutionProperties) = preSolution
		SolutionIsControlled = True
	EndGlobalSection
	GlobalSection(PerforceSourceControlProviderSolutionProperties) = preSolution
		SolutionIsControlled = True
	EndGlobalSection
	GlobalSection(PerforceSourceControlProviderSolutionProperties) = preSolution
		SolutionIsControlled = True
	EndGlobalSection
EndGlobal
